
Microsoft Visual Studio Solution File, Format Version 12.00
# Visual Studio 2012
Project("{FAE04EC0-301F-11D3-BF4B-00C04F79EFBC}") = "BCAC", "BCAC\BCAC.csproj", "{198B5268-79AB-4B15-A2D9-829C8B44D1BC}"
EndProject
Global
	GlobalSection(SolutionConfigurationPlatforms) = preSolution
		Debug|iPhoneSimulator = Debug|iPhoneSimulator
		Release|iPhone = Release|iPhone
		Release|iPhoneSimulator = Release|iPhoneSimulator
		Debug|iPhone = Debug|iPhone
	EndGlobalSection
	GlobalSection(ProjectConfigurationPlatforms) = postSolution
		{198B5268-79AB-4B15-A2D9-829C8B44D1BC}.Debug|iPhoneSimulator.ActiveCfg = Debug|iPhoneSimulator
		{198B5268-79AB-4B15-A2D9-829C8B44D1BC}.Debug|iPhoneSimulator.Build.0 = Debug|iPhoneSimulator
		{198B5268-79AB-4B15-A2D9-829C8B44D1BC}.Release|iPhone.ActiveCfg = Release|iPhone
		{198B5268-79AB-4B15-A2D9-829C8B44D1BC}.Release|iPhone.Build.0 = Release|iPhone
		{198B5268-79AB-4B15-A2D9-829C8B44D1BC}.Release|iPhoneSimulator.ActiveCfg = Release|iPhoneSimulator
		{198B5268-79AB-4B15-A2D9-829C8B44D1BC}.Release|iPhoneSimulator.Build.0 = Release|iPhoneSimulator
		{198B5268-79AB-4B15-A2D9-829C8B44D1BC}.Debug|iPhone.ActiveCfg = Debug|iPhone
		{198B5268-79AB-4B15-A2D9-829C8B44D1BC}.Debug|iPhone.Build.0 = Debug|iPhone
	EndGlobalSection
EndGlobal
